Microsoft Visual Studio Solution File, Format Version 12.00
# Visual Studio 15
Project("{8BC9CEB8-8B4A-11D0-8D11-00A0C91BC942}") = "ALL_BUILD", "ALL_BUILD.vcxproj", "{B5FA855A-2F97-37ED-8BEB-38FE76C9D932}"
	ProjectSection(ProjectDependencies) = postProject
		{FC0544FB-A11B-3627-A781-992B4EBEE5D9} = {FC0544FB-A11B-3627-A781-992B4EBEE5D9}
		{FF5D7621-122C-3411-B44B-4AA8332A9631} = {FF5D7621-122C-3411-B44B-4AA8332A9631}
		{1665B9CA-7ED5-3F00-82F8-56B07590FB7D} = {1665B9CA-7ED5-3F00-82F8-56B07590FB7D}
		{592C5D82-3503-3621-80B0-B4F0B4889F92} = {592C5D82-3503-3621-80B0-B4F0B4889F92}
	EndProjectSection
EndProject
Project("{8BC9CEB8-8B4A-11D0-8D11-00A0C91BC942}") = "INSTALL", "INSTALL.vcxproj", "{67A3B394-3807-3BB0-AA72-A72D3E3F2CAF}"
	ProjectSection(ProjectDependencies) = postProject
		{B5FA855A-2F97-37ED-8BEB-38FE76C9D932} = {B5FA855A-2F97-37ED-8BEB-38FE76C9D932}
		{FC0544FB-A11B-3627-A781-992B4EBEE5D9} = {FC0544FB-A11B-3627-A781-992B4EBEE5D9}
	EndProjectSection
EndProject
Project("{8BC9CEB8-8B4A-11D0-8D11-00A0C91BC942}") = "PACKAGE", "PACKAGE.vcxproj", "{702A44DE-9742-3A89-8BC8-3DAF86A5EFF7}"
	ProjectSection(ProjectDependencies) = postProject
		{B5FA855A-2F97-37ED-8BEB-38FE76C9D932} = {B5FA855A-2F97-37ED-8BEB-38FE76C9D932}
		{FC0544FB-A11B-3627-A781-992B4EBEE5D9} = {FC0544FB-A11B-3627-A781-992B4EBEE5D9}
	EndProjectSection
EndProject
Project("{8BC9CEB8-8B4A-11D0-8D11-00A0C91BC942}") = "ZERO_CHECK", "ZERO_CHECK.vcxproj", "{FC0544FB-A11B-3627-A781-992B4EBEE5D9}"
	ProjectSection(ProjectDependencies) = postProject
	EndProjectSection
EndProject
Project("{8BC9CEB8-8B4A-11D0-8D11-00A0C91BC942}") = "_State_mch", "_State_mch.vcxproj", "{FF5D7621-122C-3411-B44B-4AA8332A9631}"
	ProjectSection(ProjectDependencies) = postProject
		{FC0544FB-A11B-3627-A781-992B4EBEE5D9} = {FC0544FB-A11B-3627-A781-992B4EBEE5D9}
	EndProjectSection
EndProject
Project("{8BC9CEB8-8B4A-11D0-8D11-00A0C91BC942}") = "async", "async.vcxproj", "{1665B9CA-7ED5-3F00-82F8-56B07590FB7D}"
	ProjectSection(ProjectDependencies) = postProject
		{FC0544FB-A11B-3627-A781-992B4EBEE5D9} = {FC0544FB-A11B-3627-A781-992B4EBEE5D9}
	EndProjectSection
EndProject
Project("{8BC9CEB8-8B4A-11D0-8D11-00A0C91BC942}") = "bulk", "bulk.vcxproj", "{592C5D82-3503-3621-80B0-B4F0B4889F92}"
	ProjectSection(ProjectDependencies) = postProject
		{FC0544FB-A11B-3627-A781-992B4EBEE5D9} = {FC0544FB-A11B-3627-A781-992B4EBEE5D9}
		{FF5D7621-122C-3411-B44B-4AA8332A9631} = {FF5D7621-122C-3411-B44B-4AA8332A9631}
		{1665B9CA-7ED5-3F00-82F8-56B07590FB7D} = {1665B9CA-7ED5-3F00-82F8-56B07590FB7D}
	EndProjectSection
EndProject
Global
	GlobalSection(SolutionConfigurationPlatforms) = preSolution
		Debug|Win32 = Debug|Win32
		Release|Win32 = Release|Win32
		MinSizeRel|Win32 = MinSizeRel|Win32
		RelWithDebInfo|Win32 = RelWithDebInfo|Win32
	EndGlobalSection
	GlobalSection(ProjectConfigurationPlatforms) = postSolution
		{B5FA855A-2F97-37ED-8BEB-38FE76C9D932}.Debug|Win32.ActiveCfg = Debug|Win32
		{B5FA855A-2F97-37ED-8BEB-38FE76C9D932}.Debug|Win32.Build.0 = Debug|Win32
		{B5FA855A-2F97-37ED-8BEB-38FE76C9D932}.Release|Win32.ActiveCfg = Release|Win32
		{B5FA855A-2F97-37ED-8BEB-38FE76C9D932}.Release|Win32.Build.0 = Release|Win32
		{B5FA855A-2F97-37ED-8BEB-38FE76C9D932}.MinSizeRel|Win32.ActiveCfg = MinSizeRel|Win32
		{B5FA855A-2F97-37ED-8BEB-38FE76C9D932}.MinSizeRel|Win32.Build.0 = MinSizeRel|Win32
		{B5FA855A-2F97-37ED-8BEB-38FE76C9D932}.RelWithDebInfo|Win32.ActiveCfg = RelWithDebInfo|Win32
		{B5FA855A-2F97-37ED-8BEB-38FE76C9D932}.RelWithDebInfo|Win32.Build.0 = RelWithDebInfo|Win32
		{67A3B394-3807-3BB0-AA72-A72D3E3F2CAF}.Debug|Win32.ActiveCfg = Debug|Win32
		{67A3B394-3807-3BB0-AA72-A72D3E3F2CAF}.Release|Win32.ActiveCfg = Release|Win32
		{67A3B394-3807-3BB0-AA72-A72D3E3F2CAF}.MinSizeRel|Win32.ActiveCfg = MinSizeRel|Win32
		{67A3B394-3807-3BB0-AA72-A72D3E3F2CAF}.RelWithDebInfo|Win32.ActiveCfg = RelWithDebInfo|Win32
		{702A44DE-9742-3A89-8BC8-3DAF86A5EFF7}.Debug|Win32.ActiveCfg = Debug|Win32
		{702A44DE-9742-3A89-8BC8-3DAF86A5EFF7}.Release|Win32.ActiveCfg = Release|Win32
		{702A44DE-9742-3A89-8BC8-3DAF86A5EFF7}.MinSizeRel|Win32.ActiveCfg = MinSizeRel|Win32
		{702A44DE-9742-3A89-8BC8-3DAF86A5EFF7}.RelWithDebInfo|Win32.ActiveCfg = RelWithDebInfo|Win32
		{FC0544FB-A11B-3627-A781-992B4EBEE5D9}.Debug|Win32.ActiveCfg = Debug|Win32
		{FC0544FB-A11B-3627-A781-992B4EBEE5D9}.Debug|Win32.Build.0 = Debug|Win32
		{FC0544FB-A11B-3627-A781-992B4EBEE5D9}.Release|Win32.ActiveCfg = Release|Win32
		{FC0544FB-A11B-3627-A781-992B4EBEE5D9}.Release|Win32.Build.0 = Release|Win32
		{FC0544FB-A11B-3627-A781-992B4EBEE5D9}.MinSizeRel|Win32.ActiveCfg = MinSizeRel|Win32
		{FC0544FB-A11B-3627-A781-992B4EBEE5D9}.MinSizeRel|Win32.Build.0 = MinSizeRel|Win32
		{FC0544FB-A11B-3627-A781-992B4EBEE5D9}.RelWithDebInfo|Win32.ActiveCfg = RelWithDebInfo|Win32
		{FC0544FB-A11B-3627-A781-992B4EBEE5D9}.RelWithDebInfo|Win32.Build.0 = RelWithDebInfo|Win32
		{FF5D7621-122C-3411-B44B-4AA8332A9631}.Debug|Win32.ActiveCfg = Debug|Win32
		{FF5D7621-122C-3411-B44B-4AA8332A9631}.Debug|Win32.Build.0 = Debug|Win32
		{FF5D7621-122C-3411-B44B-4AA8332A9631}.Release|Win32.ActiveCfg = Release|Win32
		{FF5D7621-122C-3411-B44B-4AA8332A9631}.Release|Win32.Build.0 = Release|Win32
		{FF5D7621-122C-3411-B44B-4AA8332A9631}.MinSizeRel|Win32.ActiveCfg = MinSizeRel|Win32
		{FF5D7621-122C-3411-B44B-4AA8332A9631}.MinSizeRel|Win32.Build.0 = MinSizeRel|Win32
		{FF5D7621-122C-3411-B44B-4AA8332A9631}.RelWithDebInfo|Win32.ActiveCfg = RelWithDebInfo|Win32
		{FF5D7621-122C-3411-B44B-4AA8332A9631}.RelWithDebInfo|Win32.Build.0 = RelWithDebInfo|Win32
		{1665B9CA-7ED5-3F00-82F8-56B07590FB7D}.Debug|Win32.ActiveCfg = Debug|Win32
		{1665B9CA-7ED5-3F00-82F8-56B07590FB7D}.Debug|Win32.Build.0 = Debug|Win32
		{1665B9CA-7ED5-3F00-82F8-56B07590FB7D}.Release|Win32.ActiveCfg = Release|Win32
		{1665B9CA-7ED5-3F00-82F8-56B07590FB7D}.Release|Win32.Build.0 = Release|Win32
		{1665B9CA-7ED5-3F00-82F8-56B07590FB7D}.MinSizeRel|Win32.ActiveCfg = MinSizeRel|Win32
		{1665B9CA-7ED5-3F00-82F8-56B07590FB7D}.MinSizeRel|Win32.Build.0 = MinSizeRel|Win32
		{1665B9CA-7ED5-3F00-82F8-56B07590FB7D}.RelWithDebInfo|Win32.ActiveCfg = RelWithDebInfo|Win32
		{1665B9CA-7ED5-3F00-82F8-56B07590FB7D}.RelWithDebInfo|Win32.Build.0 = RelWithDebInfo|Win32
		{592C5D82-3503-3621-80B0-B4F0B4889F92}.Debug|Win32.ActiveCfg = Debug|Win32
		{592C5D82-3503-3621-80B0-B4F0B4889F92}.Debug|Win32.Build.0 = Debug|Win32
		{592C5D82-3503-3621-80B0-B4F0B4889F92}.Release|Win32.ActiveCfg = Release|Win32
		{592C5D82-3503-3621-80B0-B4F0B4889F92}.Release|Win32.Build.0 = Release|Win32
		{592C5D82-3503-3621-80B0-B4F0B4889F92}.MinSizeRel|Win32.ActiveCfg = MinSizeRel|Win32
		{592C5D82-3503-3621-80B0-B4F0B4889F92}.MinSizeRel|Win32.Build.0 = MinSizeRel|Win32
		{592C5D82-3503-3621-80B0-B4F0B4889F92}.RelWithDebInfo|Win32.ActiveCfg = RelWithDebInfo|Win32
		{592C5D82-3503-3621-80B0-B4F0B4889F92}.RelWithDebInfo|Win32.Build.0 = RelWithDebInfo|Win32
	EndGlobalSection
	GlobalSection(ExtensibilityGlobals) = postSolution
		SolutionGuid = {3D850FAA-8A1C-3E9D-B5AB-B0DEFB0AAA8F}
	EndGlobalSection
	GlobalSection(ExtensibilityAddIns) = postSolution
	EndGlobalSection
EndGlobal
